
Microsoft Visual Studio Solution File, Format Version 12.00
# Visual Studio Version 17
VisualStudioVersion = 17.0.31717.71
MinimumVisualStudioVersion = 10.0.40219.1
Project("{9A19103F-16F7-4668-BE54-9A1E7A4F7556}") = "Calculator", "Calculator\Calculator.csproj", "{CC67685A-9DF2-40FB-8359-B89221F1B026}"
EndProject
Project("{FAE04EC0-301F-11D3-BF4B-00C04F79EFBC}") = "Calculator.UnitTests", "Calculator.UnitTests\Calculator.UnitTests.csproj", "{F2348FC8-A0D5-4E79-95A1-E7A86AD4462E}"
EndProject
Global
	GlobalSection(SolutionConfigurationPlatforms) = preSolution
		Debug|Any CPU = Debug|Any CPU
		Release|Any CPU = Release|Any CPU
	EndGlobalSection
	GlobalSection(ProjectConfigurationPlatforms) = postSolution
		{CC67685A-9DF2-40FB-8359-B89221F1B026}.Debug|Any CPU.ActiveCfg = Debug|Any CPU
		{CC67685A-9DF2-40FB-8359-B89221F1B026}.Debug|Any CPU.Build.0 = Debug|Any CPU
		{CC67685A-9DF2-40FB-8359-B89221F1B026}.Release|Any CPU.ActiveCfg = Release|Any CPU
		{CC67685A-9DF2-40FB-8359-B89221F1B026}.Release|Any CPU.Build.0 = Release|Any CPU
		{F2348FC8-A0D5-4E79-95A1-E7A86AD4462E}.Debug|Any CPU.ActiveCfg = Debug|Any CPU
		{F2348FC8-A0D5-4E79-95A1-E7A86AD4462E}.Debug|Any CPU.Build.0 = Debug|Any CPU
		{F2348FC8-A0D5-4E79-95A1-E7A86AD4462E}.Release|Any CPU.ActiveCfg = Release|Any CPU
		{F2348FC8-A0D5-4E79-95A1-E7A86AD4462E}.Release|Any CPU.Build.0 = Release|Any CPU
	EndGlobalSection
	GlobalSection(SolutionProperties) = preSolution
		HideSolutionNode = FALSE
	EndGlobalSection
	GlobalSection(ExtensibilityGlobals) = postSolution
		SolutionGuid = {A3737F55-0C38-435B-B6A5-14EAB52ED1A8}
	EndGlobalSection
EndGlobal
